// !$*UTF8*$!
{
	archiveVersion = 1;
	classes = {
	};
	objectVersion = 45;
	objects = {

/* Begin PBXBuildFile section */
		1D3623260D0F684500981E51 /* iBoreAppDelegate.m in Sources */ = {isa = PBXBuildFile; fileRef = 1D3623250D0F684500981E51 /* iBoreAppDelegate.m */; };
		1D60589B0D05DD56006BFB54 /* main.m in Sources */ = {isa = PBXBuildFile; fileRef = 29B97316FDCFA39411CA2CEA /* main.m */; };
		1D60589F0D05DD5A006BFB54 /* Foundation.framework in Frameworks */ = {isa = PBXBuildFile; fileRef = 1D30AB110D05D00D00671497 /* Foundation.framework */; };
		1DF5F4E00D08C38300B7A737 /* UIKit.framework in Frameworks */ = {isa = PBXBuildFile; fileRef = 1DF5F4DF0D08C38300B7A737 /* UIKit.framework */; };
		2892E4100DC94CBA00A64D0F /* CoreGraphics.framework in Frameworks */ = {isa = PBXBuildFile; fileRef = 2892E40F0DC94CBA00A64D0F /* CoreGraphics.framework */; };
		28AD73600D9D9599002E5188 /* MainWindow.xib in Resources */ = {isa = PBXBuildFile; fileRef = 28AD735F0D9D9599002E5188 /* MainWindow.xib */; };
		28C286E10D94DF7D0034E888 /* RootViewController.m in Sources */ = {isa = PBXBuildFile; fileRef = 28C286E00D94DF7D0034E888 /* RootViewController.m */; };
		28F335F11007B36200424DE2 /* RootViewController.xib in Resources */ = {isa = PBXBuildFile; fileRef = 28F335F01007B36200424DE2 /* RootViewController.xib */; };
		74395D1B13782891007C74B4 /* iAd.framework in Frameworks */ = {isa = PBXBuildFile; fileRef = 74395D1A13782891007C74B4 /* iAd.framework */; settings = {ATTRIBUTES = (Weak, ); }; };
		744341E8134606020058633A /* likeit.png in Resources */ = {isa = PBXBuildFile; fileRef = 744341E7134606020058633A /* likeit.png */; };
		7443426C13461F8A0058633A /* unlikeit.png in Resources */ = {isa = PBXBuildFile; fileRef = 7443426B13461F890058633A /* unlikeit.png */; };
		748530EA1347063200AD9074 /* CustomCell.xib in Resources */ = {isa = PBXBuildFile; fileRef = 748530E91347063200AD9074 /* CustomCell.xib */; };
		748A22161355E0400071452E /* AttributeStructure.m in Sources */ = {isa = PBXBuildFile; fileRef = 748A22151355E0400071452E /* AttributeStructure.m */; };
		748AFA8D1375F6DD006A70FB /* Default.png in Resources */ = {isa = PBXBuildFile; fileRef = 748AFA8C1375F6DD006A70FB /* Default.png */; };
		748F11D4135633DF00C90B90 /* TypeStructure.m in Sources */ = {isa = PBXBuildFile; fileRef = 748F11D3135633DF00C90B90 /* TypeStructure.m */; };
		748F5202134E2BF6005AD3EF /* logo_ibore.png in Resources */ = {isa = PBXBuildFile; fileRef = 748F5201134E2BF6005AD3EF /* logo_ibore.png */; };
		748F5204134E2C0D005AD3EF /* bg_horizontal.png in Resources */ = {isa = PBXBuildFile; fileRef = 748F5203134E2C0D005AD3EF /* bg_horizontal.png */; };
		748F5206134E2C1B005AD3EF /* bg_vertical.png in Resources */ = {isa = PBXBuildFile; fileRef = 748F5205134E2C1B005AD3EF /* bg_vertical.png */; };
		7495D2CE137C46FB008D7D91 /* UIImageExtras.m in Sources */ = {isa = PBXBuildFile; fileRef = 7495D2CC137C46FB008D7D91 /* UIImageExtras.m */; };
		74997F5213407C2F000EAFDA /* iBoreModel.m in Sources */ = {isa = PBXBuildFile; fileRef = 74997F5113407C2F000EAFDA /* iBoreModel.m */; };
		749F0496134CDD5100357EBC /* document-60.png in Resources */ = {isa = PBXBuildFile; fileRef = 749F0495134CDD5100357EBC /* document-60.png */; };
		74B3D64B133A1C6700E67020 /* DetailViewController.m in Sources */ = {isa = PBXBuildFile; fileRef = 74B3D64A133A1C6700E67020 /* DetailViewController.m */; };
		74B3D64D133A1C7A00E67020 /* DetailViewController.xib in Resources */ = {isa = PBXBuildFile; fileRef = 74B3D64C133A1C7A00E67020 /* DetailViewController.xib */; };
		74B3D650133A1C9500E67020 /* ListViewController.m in Sources */ = {isa = PBXBuildFile; fileRef = 74B3D64F133A1C9500E67020 /* ListViewController.m */; };
		74B3D652133A1CAA00E67020 /* ListViewController.xib in Resources */ = {isa = PBXBuildFile; fileRef = 74B3D651133A1CAA00E67020 /* ListViewController.xib */; };
		74B3D6E1133A3AED00E67020 /* NSObject+SBJSON.m in Sources */ = {isa = PBXBuildFile; fileRef = 74B3D6D8133A3AED00E67020 /* NSObject+SBJSON.m */; };
		74B3D6E2133A3AED00E67020 /* NSString+SBJSON.m in Sources */ = {isa = PBXBuildFile; fileRef = 74B3D6DA133A3AED00E67020 /* NSString+SBJSON.m */; };
		74B3D6E3133A3AED00E67020 /* SBJsonBase.m in Sources */ = {isa = PBXBuildFile; fileRef = 74B3D6DC133A3AED00E67020 /* SBJsonBase.m */; };
		74B3D6E4133A3AED00E67020 /* SBJsonParser.m in Sources */ = {isa = PBXBuildFile; fileRef = 74B3D6DE133A3AED00E67020 /* SBJsonParser.m */; };
		74B3D6E5133A3AED00E67020 /* SBJsonWriter.m in Sources */ = {isa = PBXBuildFile; fileRef = 74B3D6E0133A3AED00E67020 /* SBJsonWriter.m */; };
		74E895181353583600DC779C /* ico_allegato_20x20.png in Resources */ = {isa = PBXBuildFile; fileRef = 74E895171353583600DC779C /* ico_allegato_20x20.png */; };
/* End PBXBuildFile section */

/* Begin PBXFileReference section */
		1D30AB110D05D00D00671497 /* Foundation.framework */ = {isa = PBXFileReference; lastKnownFileType = wrapper.framework; name = Foundation.framework; path = System/Library/Frameworks/Foundation.framework; sourceTree = SDKROOT; };
		1D3623240D0F684500981E51 /* iBoreAppDelegate.h */ = {isa = PBXFileReference; fileEncoding = 4; lastKnownFileType = sourcecode.c.h; path = iBoreAppDelegate.h; sourceTree = "<group>"; };
		1D3623250D0F684500981E51 /* iBoreAppDelegate.m */ = {isa = PBXFileReference; fileEncoding = 4; lastKnownFileType = sourcecode.c.objc; path = iBoreAppDelegate.m; sourceTree = "<group>"; };
		1D6058910D05DD3D006BFB54 /* iBore.app */ = {isa = PBXFileReference; explicitFileType = wrapper.application; includeInIndex = 0; path = iBore.app; sourceTree = BUILT_PRODUCTS_DIR; };
		1DF5F4DF0D08C38300B7A737 /* UIKit.framework */ = {isa = PBXFileReference; lastKnownFileType = wrapper.framework; name = UIKit.framework; path = System/Library/Frameworks/UIKit.framework; sourceTree = SDKROOT; };
		2892E40F0DC94CBA00A64D0F /* CoreGraphics.framework */ = {isa = PBXFileReference; lastKnownFileType = wrapper.framework; name = CoreGraphics.framework; path = System/Library/Frameworks/CoreGraphics.framework; sourceTree = SDKROOT; };
		28A0AAE50D9B0CCF005BE974 /* iBore_Prefix.pch */ = {isa = PBXFileReference; fileEncoding = 4; lastKnownFileType = sourcecode.c.h; path = iBore_Prefix.pch; sourceTree = "<group>"; };
		28AD735F0D9D9599002E5188 /* MainWindow.xib */ = {isa = PBXFileReference; lastKnownFileType = file.xib; path = MainWindow.xib; sourceTree = "<group>"; };
		28C286DF0D94DF7D0034E888 /* RootViewController.h */ = {isa = PBXFileReference; fileEncoding = 4; lastKnownFileType = sourcecode.c.h; path = RootViewController.h; sourceTree = "<group>"; };
		28C286E00D94DF7D0034E888 /* RootViewController.m */ = {isa = PBXFileReference; fileEncoding = 4; lastKnownFileType = sourcecode.c.objc; path = RootViewController.m; sourceTree = "<group>"; };
		28F335F01007B36200424DE2 /* RootViewController.xib */ = {isa = PBXFileReference; lastKnownFileType = file.xib; path = RootViewController.xib; sourceTree = "<group>"; };
		29B97316FDCFA39411CA2CEA /* main.m */ = {isa = PBXFileReference; fileEncoding = 4; lastKnownFileType = sourcecode.c.objc; path = main.m; sourceTree = "<group>"; };
		74395D1A13782891007C74B4 /* iAd.framework */ = {isa = PBXFileReference; lastKnownFileType = wrapper.framework; name = iAd.framework; path = System/Library/Frameworks/iAd.framework; sourceTree = SDKROOT; };
		744341E7134606020058633A /* likeit.png */ = {isa = PBXFileReference; lastKnownFileType = image.png; path = likeit.png; sourceTree = "<group>"; };
		7443426B13461F890058633A /* unlikeit.png */ = {isa = PBXFileReference; lastKnownFileType = image.png; path = unlikeit.png; sourceTree = "<group>"; };
		748530E91347063200AD9074 /* CustomCell.xib */ = {isa = PBXFileReference; lastKnownFileType = file.xib; path = CustomCell.xib; sourceTree = "<group>"; };
		748A22141355E0400071452E /* AttributeStructure.h */ = {isa = PBXFileReference; fileEncoding = 4; lastKnownFileType = sourcecode.c.h; path = AttributeStructure.h; sourceTree = "<group>"; };
		748A22151355E0400071452E /* AttributeStructure.m */ = {isa = PBXFileReference; fileEncoding = 4; lastKnownFileType = sourcecode.c.objc; path = AttributeStructure.m; sourceTree = "<group>"; };
		748AFA8C1375F6DD006A70FB /* Default.png */ = {isa = PBXFileReference; lastKnownFileType = image.png; path = Default.png; sourceTree = "<group>"; };
		748F11D2135633DF00C90B90 /* TypeStructure.h */ = {isa = PBXFileReference; fileEncoding = 4; lastKnownFileType = sourcecode.c.h; path = TypeStructure.h; sourceTree = "<group>"; };
		748F11D3135633DF00C90B90 /* TypeStructure.m */ = {isa = PBXFileReference; fileEncoding = 4; lastKnownFileType = sourcecode.c.objc; path = TypeStructure.m; sourceTree = "<group>"; };
		748F5201134E2BF6005AD3EF /* logo_ibore.png */ = {isa = PBXFileReference; lastKnownFileType = image.png; path = logo_ibore.png; sourceTree = "<group>"; };
		748F5203134E2C0D005AD3EF /* bg_horizontal.png */ = {isa = PBXFileReference; lastKnownFileType = image.png; path = bg_horizontal.png; sourceTree = "<group>"; };
		748F5205134E2C1B005AD3EF /* bg_vertical.png */ = {isa = PBXFileReference; lastKnownFileType = image.png; path = bg_vertical.png; sourceTree = "<group>"; };
		7495D2CA137C46FB008D7D91 /* UIImageExtras.h */ = {isa = PBXFileReference; lastKnownFileType = sourcecode.c.h; name = UIImageExtras.h; path = ../UIImageExtras.h; sourceTree = "<group>"; };
		7495D2CC137C46FB008D7D91 /* UIImageExtras.m */ = {isa = PBXFileReference; lastKnownFileType = sourcecode.c.objc; name = UIImageExtras.m; path = ../UIImageExtras.m; sourceTree = "<group>"; };
		74997F5013407C2F000EAFDA /* iBoreModel.h */ = {isa = PBXFileReference; fileEncoding = 4; lastKnownFileType = sourcecode.c.h; path = iBoreModel.h; sourceTree = "<group>"; };
		74997F5113407C2F000EAFDA /* iBoreModel.m */ = {isa = PBXFileReference; fileEncoding = 4; lastKnownFileType = sourcecode.c.objc; path = iBoreModel.m; sourceTree = "<group>"; };
		749F0495134CDD5100357EBC /* document-60.png */ = {isa = PBXFileReference; lastKnownFileType = image.png; path = "document-60.png"; sourceTree = "<group>"; };
		74B3D649133A1C6700E67020 /* DetailViewController.h */ = {isa = PBXFileReference; fileEncoding = 4; lastKnownFileType = sourcecode.c.h; path = DetailViewController.h; sourceTree = "<group>"; };
		74B3D64A133A1C6700E67020 /* DetailViewController.m */ = {isa = PBXFileReference; fileEncoding = 4; lastKnownFileType = sourcecode.c.objc; path = DetailViewController.m; sourceTree = "<group>"; };
		74B3D64C133A1C7A00E67020 /* DetailViewController.xib */ = {isa = PBXFileReference; lastKnownFileType = file.xib; path = DetailViewController.xib; sourceTree = "<group>"; };
		74B3D64E133A1C9500E67020 /* ListViewController.h */ = {isa = PBXFileReference; fileEncoding = 4; lastKnownFileType = sourcecode.c.h; path = ListViewController.h; sourceTree = "<group>"; };
		74B3D64F133A1C9500E67020 /* ListViewController.m */ = {isa = PBXFileReference; fileEncoding = 4; lastKnownFileType = sourcecode.c.objc; path = ListViewController.m; sourceTree = "<group>"; };
		74B3D651133A1CAA00E67020 /* ListViewController.xib */ = {isa = PBXFileReference; lastKnownFileType = file.xib; path = ListViewController.xib; sourceTree = "<group>"; };
		74B3D6D6133A3AED00E67020 /* JSON.h */ = {isa = PBXFileReference; fileEncoding = 4; lastKnownFileType = sourcecode.c.h; path = JSON.h; sourceTree = "<group>"; };
		74B3D6D7133A3AED00E67020 /* NSObject+SBJSON.h */ = {isa = PBXFileReference; fileEncoding = 4; lastKnownFileType = sourcecode.c.h; path = "NSObject+SBJSON.h"; sourceTree = "<group>"; };
		74B3D6D8133A3AED00E67020 /* NSObject+SBJSON.m */ = {isa = PBXFileReference; fileEncoding = 4; lastKnownFileType = sourcecode.c.objc; path = "NSObject+SBJSON.m"; sourceTree = "<group>"; };
		74B3D6D9133A3AED00E67020 /* NSString+SBJSON.h */ = {isa = PBXFileReference; fileEncoding = 4; lastKnownFileType = sourcecode.c.h; path = "NSString+SBJSON.h"; sourceTree = "<group>"; };
		74B3D6DA133A3AED00E67020 /* NSString+SBJSON.m */ = {isa = PBXFileReference; fileEncoding = 4; lastKnownFileType = sourcecode.c.objc; path = "NSString+SBJSON.m"; sourceTree = "<group>"; };
		74B3D6DB133A3AED00E67020 /* SBJsonBase.h */ = {isa = PBXFileReference; fileEncoding = 4; lastKnownFileType = sourcecode.c.h; path = SBJsonBase.h; sourceTree = "<group>"; };
		74B3D6DC133A3AED00E67020 /* SBJsonBase.m */ = {isa = PBXFileReference; fileEncoding = 4; lastKnownFileType = sourcecode.c.objc; path = SBJsonBase.m; sourceTree = "<group>"; };
		74B3D6DD133A3AED00E67020 /* SBJsonParser.h */ = {isa = PBXFileReference; fileEncoding = 4; lastKnownFileType = sourcecode.c.h; path = SBJsonParser.h; sourceTree = "<group>"; };
		74B3D6DE133A3AED00E67020 /* SBJsonParser.m */ = {isa = PBXFileReference; fileEncoding = 4; lastKnownFileType = sourcecode.c.objc; path = SBJsonParser.m; sourceTree = "<group>"; };
		74B3D6DF133A3AED00E67020 /* SBJsonWriter.h */ = {isa = PBXFileReference; fileEncoding = 4; lastKnownFileType = sourcecode.c.h; path = SBJsonWriter.h; sourceTree = "<group>"; };
		74B3D6E0133A3AED00E67020 /* SBJsonWriter.m */ = {isa = PBXFileReference; fileEncoding = 4; lastKnownFileType = sourcecode.c.objc; path = SBJsonWriter.m; sourceTree = "<group>"; };
		74E895171353583600DC779C /* ico_allegato_20x20.png */ = {isa = PBXFileReference; lastKnownFileType = image.png; path = ico_allegato_20x20.png; sourceTree = "<group>"; };
		8D1107310486CEB800E47090 /* iBore-Info.plist */ = {isa = PBXFileReference; fileEncoding = 4; lastKnownFileType = text.plist.xml; path = "iBore-Info.plist"; plistStructureDefinitionIdentifier = "com.apple.xcode.plist.structure-definition.iphone.info-plist"; sourceTree = "<group>"; };
/* End PBXFileReference section */

/* Begin PBXFrameworksBuildPhase section */
		1D60588F0D05DD3D006BFB54 /* Frameworks */ = {
			isa = PBXFrameworksBuildPhase;
			buildActionMask = 2147483647;
			files = (
				74395D1B13782891007C74B4 /* iAd.framework in Frameworks */,
				1D60589F0D05DD5A006BFB54 /* Foundation.framework in Frameworks */,
				1DF5F4E00D08C38300B7A737 /* UIKit.framework in Frameworks */,
				2892E4100DC94CBA00A64D0F /* CoreGraphics.framework in Frameworks */,
			);
			runOnlyForDeploymentPostprocessing = 0;
		};
/* End PBXFrameworksBuildPhase section */

/* Begin PBXGroup section */
		080E96DDFE201D6D7F000001 /* Classes */ = {
			isa = PBXGroup;
			children = (
				74B3D6D5133A3AED00E67020 /* JSON */,
				7495D2CA137C46FB008D7D91 /* UIImageExtras.h */,
				7495D2CC137C46FB008D7D91 /* UIImageExtras.m */,
				28C286DF0D94DF7D0034E888 /* RootViewController.h */,
				28C286E00D94DF7D0034E888 /* RootViewController.m */,
				1D3623240D0F684500981E51 /* iBoreAppDelegate.h */,
				1D3623250D0F684500981E51 /* iBoreAppDelegate.m */,
				74B3D649133A1C6700E67020 /* DetailViewController.h */,
				74B3D64A133A1C6700E67020 /* DetailViewController.m */,
				74B3D64E133A1C9500E67020 /* ListViewController.h */,
				74B3D64F133A1C9500E67020 /* ListViewController.m */,
				74997F5013407C2F000EAFDA /* iBoreModel.h */,
				74997F5113407C2F000EAFDA /* iBoreModel.m */,
				748A22141355E0400071452E /* AttributeStructure.h */,
				748A22151355E0400071452E /* AttributeStructure.m */,
				748F11D2135633DF00C90B90 /* TypeStructure.h */,
				748F11D3135633DF00C90B90 /* TypeStructure.m */,
			);
			path = Classes;
			sourceTree = "<group>";
		};
		19C28FACFE9D520D11CA2CBB /* Products */ = {
			isa = PBXGroup;
			children = (
				1D6058910D05DD3D006BFB54 /* iBore.app */,
			);
			name = Products;
			sourceTree = "<group>";
		};
		29B97314FDCFA39411CA2CEA /* CustomTemplate */ = {
			isa = PBXGroup;
			children = (
				748AFA8C1375F6DD006A70FB /* Default.png */,
				080E96DDFE201D6D7F000001 /* Classes */,
				29B97315FDCFA39411CA2CEA /* Other Sources */,
				29B97317FDCFA39411CA2CEA /* Resources */,
				29B97323FDCFA39411CA2CEA /* Frameworks */,
				19C28FACFE9D520D11CA2CBB /* Products */,
			);
			name = CustomTemplate;
			sourceTree = "<group>";
		};
		29B97315FDCFA39411CA2CEA /* Other Sources */ = {
			isa = PBXGroup;
			children = (
				28A0AAE50D9B0CCF005BE974 /* iBore_Prefix.pch */,
				29B97316FDCFA39411CA2CEA /* main.m */,
			);
			name = "Other Sources";
			sourceTree = "<group>";
		};
		29B97317FDCFA39411CA2CEA /* Resources */ = {
			isa = PBXGroup;
			children = (
				74B3D642133A1ADB00E67020 /* Images */,
				28F335F01007B36200424DE2 /* RootViewController.xib */,
				28AD735F0D9D9599002E5188 /* MainWindow.xib */,
				8D1107310486CEB800E47090 /* iBore-Info.plist */,
				74B3D64C133A1C7A00E67020 /* DetailViewController.xib */,
				748530E91347063200AD9074 /* CustomCell.xib */,
				74B3D651133A1CAA00E67020 /* ListViewController.xib */,
			);
			name = Resources;
			sourceTree = "<group>";
		};
		29B97323FDCFA39411CA2CEA /* Frameworks */ = {
			isa = PBXGroup;
			children = (
				74395D1A13782891007C74B4 /* iAd.framework */,
				1DF5F4DF0D08C38300B7A737 /* UIKit.framework */,
				1D30AB110D05D00D00671497 /* Foundation.framework */,
				2892E40F0DC94CBA00A64D0F /* CoreGraphics.framework */,
			);
			name = Frameworks;
			sourceTree = "<group>";
		};
		74B3D642133A1ADB00E67020 /* Images */ = {
			isa = PBXGroup;
			children = (
				74E895171353583600DC779C /* ico_allegato_20x20.png */,
				748F5205134E2C1B005AD3EF /* bg_vertical.png */,
				748F5203134E2C0D005AD3EF /* bg_horizontal.png */,
				748F5201134E2BF6005AD3EF /* logo_ibore.png */,
				749F0495134CDD5100357EBC /* document-60.png */,
				7443426B13461F890058633A /* unlikeit.png */,
				744341E7134606020058633A /* likeit.png */,
			);
			name = Images;
			sourceTree = "<group>";
		};
		74B3D6D5133A3AED00E67020 /* JSON */ = {
			isa = PBXGroup;
			children = (
				74B3D6D6133A3AED00E67020 /* JSON.h */,
				74B3D6D7133A3AED00E67020 /* NSObject+SBJSON.h */,
				74B3D6D8133A3AED00E67020 /* NSObject+SBJSON.m */,
				74B3D6D9133A3AED00E67020 /* NSString+SBJSON.h */,
				74B3D6DA133A3AED00E67020 /* NSString+SBJSON.m */,
				74B3D6DB133A3AED00E67020 /* SBJsonBase.h */,
				74B3D6DC133A3AED00E67020 /* SBJsonBase.m */,
				74B3D6DD133A3AED00E67020 /* SBJsonParser.h */,
				74B3D6DE133A3AED00E67020 /* SBJsonParser.m */,
				74B3D6DF133A3AED00E67020 /* SBJsonWriter.h */,
				74B3D6E0133A3AED00E67020 /* SBJsonWriter.m */,
			);
			path = JSON;
			sourceTree = "<group>";
		};
/* End PBXGroup section */

/* Begin PBXNativeTarget section */
		1D6058900D05DD3D006BFB54 /* iBore */ = {
			isa = PBXNativeTarget;
			buildConfigurationList = 1D6058960D05DD3E006BFB54 /* Build configuration list for PBXNativeTarget "iBore" */;
			buildPhases = (
				1D60588D0D05DD3D006BFB54 /* Resources */,
				1D60588E0D05DD3D006BFB54 /* Sources */,
				1D60588F0D05DD3D006BFB54 /* Frameworks */,
			);
			buildRules = (
			);
			dependencies = (
			);
			name = iBore;
			productName = iBore;
			productReference = 1D6058910D05DD3D006BFB54 /* iBore.app */;
			productType = "com.apple.product-type.application";
		};
/* End PBXNativeTarget section */

/* Begin PBXProject section */
		29B97313FDCFA39411CA2CEA /* Project object */ = {
			isa = PBXProject;
			attributes = {
				ORGANIZATIONNAME = oktago;
			};
			buildConfigurationList = C01FCF4E08A954540054247B /* Build configuration list for PBXProject "iBore" */;
			compatibilityVersion = "Xcode 3.1";
			developmentRegion = English;
			hasScannedForEncodings = 1;
			knownRegions = (
				English,
				Japanese,
				French,
				German,
				en,
			);
			mainGroup = 29B97314FDCFA39411CA2CEA /* CustomTemplate */;
			projectDirPath = "";
			projectRoot = "";
			targets = (
				1D6058900D05DD3D006BFB54 /* iBore */,
			);
		};
/* End PBXProject section */

/* Begin PBXResourcesBuildPhase section */
		1D60588D0D05DD3D006BFB54 /* Resources */ = {
			isa = PBXResourcesBuildPhase;
			buildActionMask = 2147483647;
			files = (
				28AD73600D9D9599002E5188 /* MainWindow.xib in Resources */,
				28F335F11007B36200424DE2 /* RootViewController.xib in Resources */,
				74B3D64D133A1C7A00E67020 /* DetailViewController.xib in Resources */,
				74B3D652133A1CAA00E67020 /* ListViewController.xib in Resources */,
				744341E8134606020058633A /* likeit.png in Resources */,
				7443426C13461F8A0058633A /* unlikeit.png in Resources */,
				748530EA1347063200AD9074 /* CustomCell.xib in Resources */,
				749F0496134CDD5100357EBC /* document-60.png in Resources */,
				748F5202134E2BF6005AD3EF /* logo_ibore.png in Resources */,
				748F5204134E2C0D005AD3EF /* bg_horizontal.png in Resources */,
				748F5206134E2C1B005AD3EF /* bg_vertical.png in Resources */,
				74E895181353583600DC779C /* ico_allegato_20x20.png in Resources */,
				748AFA8D1375F6DD006A70FB /* Default.png in Resources */,
			);
			runOnlyForDeploymentPostprocessing = 0;
		};
/* End PBXResourcesBuildPhase section */

/* Begin PBXSourcesBuildPhase section */
		1D60588E0D05DD3D006BFB54 /* Sources */ = {
			isa = PBXSourcesBuildPhase;
			buildActionMask = 2147483647;
			files = (
				1D60589B0D05DD56006BFB54 /* main.m in Sources */,
				1D3623260D0F684500981E51 /* iBoreAppDelegate.m in Sources */,
				28C286E10D94DF7D0034E888 /* RootViewController.m in Sources */,
				74B3D64B133A1C6700E67020 /* DetailViewController.m in Sources */,
				74B3D650133A1C9500E67020 /* ListViewController.m in Sources */,
				74B3D6E1133A3AED00E67020 /* NSObject+SBJSON.m in Sources */,
				74B3D6E2133A3AED00E67020 /* NSString+SBJSON.m in Sources */,
				74B3D6E3133A3AED00E67020 /* SBJsonBase.m in Sources */,
				74B3D6E4133A3AED00E67020 /* SBJsonParser.m in Sources */,
				74B3D6E5133A3AED00E67020 /* SBJsonWriter.m in Sources */,
				74997F5213407C2F000EAFDA /* iBoreModel.m in Sources */,
				748A22161355E0400071452E /* AttributeStructure.m in Sources */,
				748F11D4135633DF00C90B90 /* TypeStructure.m in Sources */,
				7495D2CE137C46FB008D7D91 /* UIImageExtras.m in Sources */,
			);
			runOnlyForDeploymentPostprocessing = 0;
		};
/* End PBXSourcesBuildPhase section */

/* Begin XCBuildConfiguration section */
		1D6058940D05DD3E006BFB54 /* Debug */ = {
			isa = XCBuildConfiguration;
			buildSettings = {
				ALWAYS_SEARCH_USER_PATHS = NO;
				CODE_SIGN_IDENTITY = "iPhone Developer: Giuseppe Vacatello (GK5834K9HU)";
				"CODE_SIGN_IDENTITY[sdk=iphoneos*]" = "iPhone Developer: Giuseppe Vacatello (GK5834K9HU)";
				COPY_PHASE_STRIP = NO;
				GCC_DYNAMIC_NO_PIC = NO;
				GCC_OPTIMIZATION_LEVEL = 0;
				GCC_PRECOMPILE_PREFIX_HEADER = YES;
				GCC_PREFIX_HEADER = iBore_Prefix.pch;
				INFOPLIST_FILE = "iBore-Info.plist";
				IPHONEOS_DEPLOYMENT_TARGET = 4.1;
				PRODUCT_NAME = iBore;
				PROVISIONING_PROFILE = "7C13175A-DBCC-4399-995B-5AAEA6C41D78";
				"PROVISIONING_PROFILE[sdk=iphoneos*]" = "7C13175A-DBCC-4399-995B-5AAEA6C41D78";
			};
			name = Debug;
		};
		1D6058950D05DD3E006BFB54 /* Release */ = {
			isa = XCBuildConfiguration;
			buildSettings = {
				ALWAYS_SEARCH_USER_PATHS = NO;
				CODE_SIGN_IDENTITY = "iPhone Developer: Giuseppe Vacatello (GK5834K9HU)";
				"CODE_SIGN_IDENTITY[sdk=iphoneos*]" = "iPhone Developer: Giuseppe Vacatello (GK5834K9HU)";
				COPY_PHASE_STRIP = YES;
				GCC_PRECOMPILE_PREFIX_HEADER = YES;
				GCC_PREFIX_HEADER = iBore_Prefix.pch;
				INFOPLIST_FILE = "iBore-Info.plist";
				IPHONEOS_DEPLOYMENT_TARGET = 4.1;
				PRODUCT_NAME = iBore;
				PROVISIONING_PROFILE = "7C13175A-DBCC-4399-995B-5AAEA6C41D78";
				"PROVISIONING_PROFILE[sdk=iphoneos*]" = "7C13175A-DBCC-4399-995B-5AAEA6C41D78";
				VALIDATE_PRODUCT = YES;
			};
			name = Release;
		};
		C01FCF4F08A954540054247B /* Debug */ = {
			isa = XCBuildConfiguration;
			buildSettings = {
				ARCHS = "$(ARCHS_STANDARD_32_BIT)";
				"CODE_SIGN_IDENTITY[sdk=iphoneos*]" = "iPhone Developer";
				GCC_C_LANGUAGE_STANDARD = c99;
				GCC_WARN_ABOUT_RETURN_TYPE = YES;
				GCC_WARN_UNUSED_VARIABLE = YES;
				IPHONEOS_DEPLOYMENT_TARGET = 4.3;
				PREBINDING = NO;
				SDKROOT = iphoneos;
			};
			name = Debug;
		};
		C01FCF5008A954540054247B /* Release */ = {
			isa = XCBuildConfiguration;
			buildSettings = {
				ARCHS = "$(ARCHS_STANDARD_32_BIT)";
				"CODE_SIGN_IDENTITY[sdk=iphoneos*]" = "Don't Code Sign";
				GCC_C_LANGUAGE_STANDARD = c99;
				GCC_WARN_ABOUT_RETURN_TYPE = YES;
				GCC_WARN_UNUSED_VARIABLE = YES;
				IPHONEOS_DEPLOYMENT_TARGET = 4.3;
				OTHER_CFLAGS = "-DNS_BLOCK_ASSERTIONS=1";
				PREBINDING = NO;
				"PROVISIONING_PROFILE[sdk=iphoneos*]" = "";
				SDKROOT = iphoneos;
			};
			name = Release;
		};
/* End XCBuildConfiguration section */

/* Begin XCConfigurationList section */
		1D6058960D05DD3E006BFB54 /* Build configuration list for PBXNativeTarget "iBore" */ = {
			isa = XCConfigurationList;
			buildConfigurations = (
				1D6058940D05DD3E006BFB54 /* Debug */,
				1D6058950D05DD3E006BFB54 /* Release */,
			);
			defaultConfigurationIsVisible = 0;
			defaultConfigurationName = Release;
		};
		C01FCF4E08A954540054247B /* Build configuration list for PBXProject "iBore" */ = {
			isa = XCConfigurationList;
			buildConfigurations = (
				C01FCF4F08A954540054247B /* Debug */,
				C01FCF5008A954540054247B /* Release */,
			);
			defaultConfigurationIsVisible = 0;
			defaultConfigurationName = Release;
		};
/* End XCConfigurationList section */
	};
	rootObject = 29B97313FDCFA39411CA2CEA /* Project object */;
}
